{
  "requires": true,
  "lockfileVersion": 1,
  "dependencies": {
    "@angular/fire": {
      "version": "5.1.0",
      "resolved": "https://registry.npmjs.org/@angular/fire/-/fire-5.1.0.tgz",
      "integrity": "sha512-nFsgq7R0XCIvy6ITb4KQ6t9uW3OVay9N8AqvzfTazHyvUnK329LD6AUd2jN3sUWfW3h6Tt8EgJ23IxrCe4sV1Q=="
    },
    "angularfire2": {
      "version": "5.1.0",
      "resolved": "https://registry.npmjs.org/angularfire2/-/angularfire2-5.1.0.tgz",
      "integrity": "sha512-pas7oq5uVbF8W5ENdGSBoGaM0ksnYk5evvZ9p7SvPERSohEtvd7cBwt5ac7GlqHcxYXJwHuijgHlr6Eiz2381Q==",
      "requires": {
        "@angular/fire": "5.1.0"
      }
    }
  }
}
